
Microsoft Visual Studio Solution File, Format Version 12.00
# Visual Studio Version 16
VisualStudioVersion = 16.0.30406.217
MinimumVisualStudioVersion = 10.0.40219.1
Project("{FAE04EC0-301F-11D3-BF4B-00C04F79EFBC}") = "Project.API", "WebApiRestBase\Project.API.csproj", "{BA16DF64-4177-41A1-B086-00D134380B12}"
EndProject
Project("{FAE04EC0-301F-11D3-BF4B-00C04F79EFBC}") = "Project.DAL", "DataAccessLayer\Project.DAL.csproj", "{981CE5F2-0BBC-4210-A06B-2CB3D07225AA}"
EndProject
Project("{FAE04EC0-301F-11D3-BF4B-00C04F79EFBC}") = "Project.SL", "ServiceLayer\Project.SL.csproj", "{5868C0EB-84FF-4922-AE37-276C87020E8F}"
EndProject
Global
	GlobalSection(SolutionConfigurationPlatforms) = preSolution
		Debug|Any CPU = Debug|Any CPU
		Release|Any CPU = Release|Any CPU
	EndGlobalSection
	GlobalSection(ProjectConfigurationPlatforms) = postSolution
		{BA16DF64-4177-41A1-B086-00D134380B12}.Debug|Any CPU.ActiveCfg = Debug|Any CPU
		{BA16DF64-4177-41A1-B086-00D134380B12}.Debug|Any CPU.Build.0 = Debug|Any CPU
		{BA16DF64-4177-41A1-B086-00D134380B12}.Release|Any CPU.ActiveCfg = Release|Any CPU
		{BA16DF64-4177-41A1-B086-00D134380B12}.Release|Any CPU.Build.0 = Release|Any CPU
		{981CE5F2-0BBC-4210-A06B-2CB3D07225AA}.Debug|Any CPU.ActiveCfg = Debug|Any CPU
		{981CE5F2-0BBC-4210-A06B-2CB3D07225AA}.Debug|Any CPU.Build.0 = Debug|Any CPU
		{981CE5F2-0BBC-4210-A06B-2CB3D07225AA}.Release|Any CPU.ActiveCfg = Release|Any CPU
		{981CE5F2-0BBC-4210-A06B-2CB3D07225AA}.Release|Any CPU.Build.0 = Release|Any CPU
		{5868C0EB-84FF-4922-AE37-276C87020E8F}.Debug|Any CPU.ActiveCfg = Debug|Any CPU
		{5868C0EB-84FF-4922-AE37-276C87020E8F}.Debug|Any CPU.Build.0 = Debug|Any CPU
		{5868C0EB-84FF-4922-AE37-276C87020E8F}.Release|Any CPU.ActiveCfg = Release|Any CPU
		{5868C0EB-84FF-4922-AE37-276C87020E8F}.Release|Any CPU.Build.0 = Release|Any CPU
	EndGlobalSection
	GlobalSection(SolutionProperties) = preSolution
		HideSolutionNode = FALSE
	EndGlobalSection
	GlobalSection(ExtensibilityGlobals) = postSolution
		SolutionGuid = {9892422C-B2E8-467C-8F12-1AC17CE75FDC}
	EndGlobalSection
EndGlobal
